{
  "name": "Groupomania",
  "lockfileVersion": 3,
  "requires": true,
  "packages": {
    "": {
      "dependencies": {
        "sqlite": "^5.0.1"
      }
    },
    "node_modules/sqlite": {
      "version": "5.0.1",
      "resolved": "https://registry.npmjs.org/sqlite/-/sqlite-5.0.1.tgz",
      "integrity": "sha512-sRxbVwzNX9rvEPnxz9scNqi60KtfxBXMzzus5BI4+0nPtVkyEXyBwQ7JkM2M1CiVvEFw6s1vn2Z9/1DEdSpiaA=="
    }
  }
}
